
Microsoft Visual Studio Solution File, Format Version 12.00
# Visual Studio Version 17
VisualStudioVersion = 17.5.33627.172
MinimumVisualStudioVersion = 10.0.40219.1
Project("{FAE04EC0-301F-11D3-BF4B-00C04F79EFBC}") = "Demo", "Demo\Demo.csproj", "{DD070F57-170C-4A44-9850-B87DAE973D16}"
EndProject
Project("{FAE04EC0-301F-11D3-BF4B-00C04F79EFBC}") = "P01.PasswordValidator", "P01.PasswordValidator\P01.PasswordValidator.csproj", "{FD69FC41-8ED2-4984-A6D7-D4BB81B52E14}"
EndProject
Project("{FAE04EC0-301F-11D3-BF4B-00C04F79EFBC}") = "P02.EasterEggs", "P02.EasterEggs\P02.EasterEggs.csproj", "{113E6B99-4952-416C-B628-F53057C89F0E}"
EndProject
Project("{FAE04EC0-301F-11D3-BF4B-00C04F79EFBC}") = "P03.Dictionary", "P03.Dictionary\P03.Dictionary.csproj", "{753233BE-3E10-47ED-A599-3156C1E95372}"
EndProject
Global
	GlobalSection(SolutionConfigurationPlatforms) = preSolution
		Debug|Any CPU = Debug|Any CPU
		Release|Any CPU = Release|Any CPU
	EndGlobalSection
	GlobalSection(ProjectConfigurationPlatforms) = postSolution
		{DD070F57-170C-4A44-9850-B87DAE973D16}.Debug|Any CPU.ActiveCfg = Debug|Any CPU
		{DD070F57-170C-4A44-9850-B87DAE973D16}.Debug|Any CPU.Build.0 = Debug|Any CPU
		{DD070F57-170C-4A44-9850-B87DAE973D16}.Release|Any CPU.ActiveCfg = Release|Any CPU
		{DD070F57-170C-4A44-9850-B87DAE973D16}.Release|Any CPU.Build.0 = Release|Any CPU
		{FD69FC41-8ED2-4984-A6D7-D4BB81B52E14}.Debug|Any CPU.ActiveCfg = Debug|Any CPU
		{FD69FC41-8ED2-4984-A6D7-D4BB81B52E14}.Debug|Any CPU.Build.0 = Debug|Any CPU
		{FD69FC41-8ED2-4984-A6D7-D4BB81B52E14}.Release|Any CPU.ActiveCfg = Release|Any CPU
		{FD69FC41-8ED2-4984-A6D7-D4BB81B52E14}.Release|Any CPU.Build.0 = Release|Any CPU
		{113E6B99-4952-416C-B628-F53057C89F0E}.Debug|Any CPU.ActiveCfg = Debug|Any CPU
		{113E6B99-4952-416C-B628-F53057C89F0E}.Debug|Any CPU.Build.0 = Debug|Any CPU
		{113E6B99-4952-416C-B628-F53057C89F0E}.Release|Any CPU.ActiveCfg = Release|Any CPU
		{113E6B99-4952-416C-B628-F53057C89F0E}.Release|Any CPU.Build.0 = Release|Any CPU
		{753233BE-3E10-47ED-A599-3156C1E95372}.Debug|Any CPU.ActiveCfg = Debug|Any CPU
		{753233BE-3E10-47ED-A599-3156C1E95372}.Debug|Any CPU.Build.0 = Debug|Any CPU
		{753233BE-3E10-47ED-A599-3156C1E95372}.Release|Any CPU.ActiveCfg = Release|Any CPU
		{753233BE-3E10-47ED-A599-3156C1E95372}.Release|Any CPU.Build.0 = Release|Any CPU
	EndGlobalSection
	GlobalSection(SolutionProperties) = preSolution
		HideSolutionNode = FALSE
	EndGlobalSection
	GlobalSection(ExtensibilityGlobals) = postSolution
		SolutionGuid = {4E30E80D-4E31-4FBD-A144-ADE2155DAC1C}
	EndGlobalSection
EndGlobal
